
Microsoft Visual Studio Solution File, Format Version 12.00
# Visual Studio Version 17
VisualStudioVersion = 17.7.34018.315
MinimumVisualStudioVersion = 10.0.40219.1
Project("{FAE04EC0-301F-11D3-BF4B-00C04F79EFBC}") = "AplicacionWeb", "AplicacionWeb.csproj", "{A594DE4F-7865-4ADE-A564-A5E580A6361F}"
EndProject
Global
	GlobalSection(SolutionConfigurationPlatforms) = preSolution
		Debug|Any CPU = Debug|Any CPU
		Release|Any CPU = Release|Any CPU
	EndGlobalSection
	GlobalSection(ProjectConfigurationPlatforms) = postSolution
		{A594DE4F-7865-4ADE-A564-A5E580A6361F}.Debug|Any CPU.ActiveCfg = Debug|Any CPU
		{A594DE4F-7865-4ADE-A564-A5E580A6361F}.Debug|Any CPU.Build.0 = Debug|Any CPU
		{A594DE4F-7865-4ADE-A564-A5E580A6361F}.Release|Any CPU.ActiveCfg = Release|Any CPU
		{A594DE4F-7865-4ADE-A564-A5E580A6361F}.Release|Any CPU.Build.0 = Release|Any CPU
	EndGlobalSection
	GlobalSection(SolutionProperties) = preSolution
		HideSolutionNode = FALSE
	EndGlobalSection
	GlobalSection(ExtensibilityGlobals) = postSolution
		SolutionGuid = {293A4624-EC21-412A-99F5-77EEDA943BC7}
	EndGlobalSection
EndGlobal
